// !$*UTF8*$!
{
	archiveVersion = 1;
	classes = {
	};
	objectVersion = 77;
	objects = {

/* Begin PBXBuildFile section */
		F9194E902CD343B9006432F0 /* WidgetKit.framework in Frameworks */ = {isa = PBXBuildFile; fileRef = F9194E8F2CD343B9006432F0 /* WidgetKit.framework */; };
		F9194E922CD343B9006432F0 /* SwiftUI.framework in Frameworks */ = {isa = PBXBuildFile; fileRef = F9194E912CD343B9006432F0 /* SwiftUI.framework */; };
		F9194EA32CD343BA006432F0 /* TracklistEntryExtension.appex in Embed Foundation Extensions */ = {isa = PBXBuildFile; fileRef = F9194E8D2CD343B9006432F0 /* TracklistEntryExtension.appex */; settings = {ATTRIBUTES = (RemoveHeadersOnCopy, ); }; };
		F9194EC32CD346E8006432F0 /* FirebaseAnalytics in Frameworks */ = {isa = PBXBuildFile; productRef = F9194EC22CD346E8006432F0 /* FirebaseAnalytics */; };
		F9194EC52CD346E8006432F0 /* FirebaseAuth in Frameworks */ = {isa = PBXBuildFile; productRef = F9194EC42CD346E8006432F0 /* FirebaseAuth */; };
		F9194EC72CD346E8006432F0 /* FirebaseCore in Frameworks */ = {isa = PBXBuildFile; productRef = F9194EC62CD346E8006432F0 /* FirebaseCore */; };
		F9194EC92CD346E8006432F0 /* FirebaseCrashlytics in Frameworks */ = {isa = PBXBuildFile; productRef = F9194EC82CD346E8006432F0 /* FirebaseCrashlytics */; };
		F9194ECB2CD346E8006432F0 /* FirebaseFirestore in Frameworks */ = {isa = PBXBuildFile; productRef = F9194ECA2CD346E8006432F0 /* FirebaseFirestore */; };
		F92D82852CC0AE4A002157EA /* SDWebImageSwiftUI in Frameworks */ = {isa = PBXBuildFile; productRef = F92D82842CC0AE4A002157EA /* SDWebImageSwiftUI */; };
		F951FD482CCA46910011709D /* Lottie in Frameworks */ = {isa = PBXBuildFile; productRef = F951FD472CCA46910011709D /* Lottie */; };
		F9DEB58B2CBFA87B00BA2A50 /* Kingfisher in Frameworks */ = {isa = PBXBuildFile; productRef = F9DEB58A2CBFA87B00BA2A50 /* Kingfisher */; };
		F9DF81792CBE540E00BBEE95 /* FirebaseAnalytics in Frameworks */ = {isa = PBXBuildFile; productRef = F9DF81782CBE540E00BBEE95 /* FirebaseAnalytics */; };
		F9DF817B2CBE540E00BBEE95 /* FirebaseAuth in Frameworks */ = {isa = PBXBuildFile; productRef = F9DF817A2CBE540E00BBEE95 /* FirebaseAuth */; };
		F9DF817D2CBE540E00BBEE95 /* FirebaseCore in Frameworks */ = {isa = PBXBuildFile; productRef = F9DF817C2CBE540E00BBEE95 /* FirebaseCore */; };
		F9DF817F2CBE540E00BBEE95 /* FirebaseCrashlytics in Frameworks */ = {isa = PBXBuildFile; productRef = F9DF817E2CBE540E00BBEE95 /* FirebaseCrashlytics */; };
		F9DF81812CBE540E00BBEE95 /* FirebaseFirestore in Frameworks */ = {isa = PBXBuildFile; productRef = F9DF81802CBE540E00BBEE95 /* FirebaseFirestore */; };
		F9DF81832CBE540E00BBEE95 /* FirebaseStorage in Frameworks */ = {isa = PBXBuildFile; productRef = F9DF81822CBE540E00BBEE95 /* FirebaseStorage */; };
		F9F712B82CC17787008A6260 /* FirebaseRemoteConfig in Frameworks */ = {isa = PBXBuildFile; productRef = F9F712B72CC17787008A6260 /* FirebaseRemoteConfig */; };
/* End PBXBuildFile section */

/* Begin PBXContainerItemProxy section */
		F9194EA12CD343BA006432F0 /* PBXContainerItemProxy */ = {
			isa = PBXContainerItemProxy;
			containerPortal = F9BAD8A42CBC3FB5006F6095 /* Project object */;
			proxyType = 1;
			remoteGlobalIDString = F9194E8C2CD343B9006432F0;
			remoteInfo = TracklistEntryExtension;
		};
/* End PBXContainerItemProxy section */

/* Begin PBXCopyFilesBuildPhase section */
		F9194EA42CD343BA006432F0 /* Embed Foundation Extensions */ = {
			isa = PBXCopyFilesBuildPhase;
			buildActionMask = 2147483647;
			dstPath = "";
			dstSubfolderSpec = 13;
			files = (
				F9194EA32CD343BA006432F0 /* TracklistEntryExtension.appex in Embed Foundation Extensions */,
			);
			name = "Embed Foundation Extensions";
			runOnlyForDeploymentPostprocessing = 0;
		};
/* End PBXCopyFilesBuildPhase section */

/* Begin PBXFileReference section */
		F9194E8D2CD343B9006432F0 /* TracklistEntryExtension.appex */ = {isa = PBXFileReference; explicitFileType = "wrapper.app-extension"; includeInIndex = 0; path = TracklistEntryExtension.appex; sourceTree = BUILT_PRODUCTS_DIR; };
		F9194E8F2CD343B9006432F0 /* WidgetKit.framework */ = {isa = PBXFileReference; lastKnownFileType = wrapper.framework; name = WidgetKit.framework; path = System/Library/Frameworks/WidgetKit.framework; sourceTree = SDKROOT; };
		F9194E912CD343B9006432F0 /* SwiftUI.framework */ = {isa = PBXFileReference; lastKnownFileType = wrapper.framework; name = SwiftUI.framework; path = System/Library/Frameworks/SwiftUI.framework; sourceTree = SDKROOT; };
		F9194ED12CD373DB006432F0 /* TracklistEntryExtension.entitlements */ = {isa = PBXFileReference; lastKnownFileType = text.plist.entitlements; path = TracklistEntryExtension.entitlements; sourceTree = "<group>"; };
		F9BAD8AC2CBC3FB5006F6095 /* SleepMusic.app */ = {isa = PBXFileReference; explicitFileType = wrapper.application; includeInIndex = 0; path = SleepMusic.app; sourceTree = BUILT_PRODUCTS_DIR; };
/* End PBXFileReference section */

/* Begin PBXFileSystemSynchronizedBuildFileExceptionSet section */
		F9194EA82CD343BA006432F0 /* Exceptions for "TracklistEntry" folder in "TracklistEntryExtension" target */ = {
			isa = PBXFileSystemSynchronizedBuildFileExceptionSet;
			membershipExceptions = (
				Info.plist,
			);
			target = F9194E8C2CD343B9006432F0 /* TracklistEntryExtension */;
		};
		F9F712BA2CC17C99008A6260 /* Exceptions for "SleepMusic" folder in "SleepMusic" target */ = {
			isa = PBXFileSystemSynchronizedBuildFileExceptionSet;
			membershipExceptions = (
				Info.plist,
			);
			target = F9BAD8AB2CBC3FB5006F6095 /* SleepMusic */;
		};
/* End PBXFileSystemSynchronizedBuildFileExceptionSet section */

/* Begin PBXFileSystemSynchronizedRootGroup section */
		F9194E932CD343B9006432F0 /* TracklistEntry */ = {
			isa = PBXFileSystemSynchronizedRootGroup;
			exceptions = (
				F9194EA82CD343BA006432F0 /* Exceptions for "TracklistEntry" folder in "TracklistEntryExtension" target */,
			);
			path = TracklistEntry;
			sourceTree = "<group>";
		};
		F9BAD8AE2CBC3FB5006F6095 /* SleepMusic */ = {
			isa = PBXFileSystemSynchronizedRootGroup;
			exceptions = (
				F9F712BA2CC17C99008A6260 /* Exceptions for "SleepMusic" folder in "SleepMusic" target */,
			);
			path = SleepMusic;
			sourceTree = "<group>";
		};
/* End PBXFileSystemSynchronizedRootGroup section */

/* Begin PBXFrameworksBuildPhase section */
		F9194E8A2CD343B9006432F0 /* Frameworks */ = {
			isa = PBXFrameworksBuildPhase;
			buildActionMask = 2147483647;
			files = (
				F9194E922CD343B9006432F0 /* SwiftUI.framework in Frameworks */,
				F9194EC72CD346E8006432F0 /* FirebaseCore in Frameworks */,
				F9194E902CD343B9006432F0 /* WidgetKit.framework in Frameworks */,
				F9194EC92CD346E8006432F0 /* FirebaseCrashlytics in Frameworks */,
				F9194EC32CD346E8006432F0 /* FirebaseAnalytics in Frameworks */,
				F9194EC52CD346E8006432F0 /* FirebaseAuth in Frameworks */,
				F9194ECB2CD346E8006432F0 /* FirebaseFirestore in Frameworks */,
			);
			runOnlyForDeploymentPostprocessing = 0;
		};
		F9BAD8A92CBC3FB5006F6095 /* Frameworks */ = {
			isa = PBXFrameworksBuildPhase;
			buildActionMask = 2147483647;
			files = (
				F9F712B82CC17787008A6260 /* FirebaseRemoteConfig in Frameworks */,
				F9DF81792CBE540E00BBEE95 /* FirebaseAnalytics in Frameworks */,
				F9DF817F2CBE540E00BBEE95 /* FirebaseCrashlytics in Frameworks */,
				F9DEB58B2CBFA87B00BA2A50 /* Kingfisher in Frameworks */,
				F9DF817D2CBE540E00BBEE95 /* FirebaseCore in Frameworks */,
				F951FD482CCA46910011709D /* Lottie in Frameworks */,
				F92D82852CC0AE4A002157EA /* SDWebImageSwiftUI in Frameworks */,
				F9DF81812CBE540E00BBEE95 /* FirebaseFirestore in Frameworks */,
				F9DF817B2CBE540E00BBEE95 /* FirebaseAuth in Frameworks */,
				F9DF81832CBE540E00BBEE95 /* FirebaseStorage in Frameworks */,
			);
			runOnlyForDeploymentPostprocessing = 0;
		};
/* End PBXFrameworksBuildPhase section */

/* Begin PBXGroup section */
		F9194E8E2CD343B9006432F0 /* Frameworks */ = {
			isa = PBXGroup;
			children = (
				F9194E8F2CD343B9006432F0 /* WidgetKit.framework */,
				F9194E912CD343B9006432F0 /* SwiftUI.framework */,
			);
			name = Frameworks;
			sourceTree = "<group>";
		};
		F9BAD8A32CBC3FB5006F6095 = {
			isa = PBXGroup;
			children = (
				F9194ED12CD373DB006432F0 /* TracklistEntryExtension.entitlements */,
				F9BAD8AE2CBC3FB5006F6095 /* SleepMusic */,
				F9194E932CD343B9006432F0 /* TracklistEntry */,
				F9194E8E2CD343B9006432F0 /* Frameworks */,
				F9BAD8AD2CBC3FB5006F6095 /* Products */,
			);
			sourceTree = "<group>";
		};
		F9BAD8AD2CBC3FB5006F6095 /* Products */ = {
			isa = PBXGroup;
			children = (
				F9BAD8AC2CBC3FB5006F6095 /* SleepMusic.app */,
				F9194E8D2CD343B9006432F0 /* TracklistEntryExtension.appex */,
			);
			name = Products;
			sourceTree = "<group>";
		};
/* End PBXGroup section */

/* Begin PBXNativeTarget section */
		F9194E8C2CD343B9006432F0 /* TracklistEntryExtension */ = {
			isa = PBXNativeTarget;
			buildConfigurationList = F9194EA72CD343BA006432F0 /* Build configuration list for PBXNativeTarget "TracklistEntryExtension" */;
			buildPhases = (
				F9194E892CD343B9006432F0 /* Sources */,
				F9194E8A2CD343B9006432F0 /* Frameworks */,
				F9194E8B2CD343B9006432F0 /* Resources */,
			);
			buildRules = (
			);
			dependencies = (
			);
			fileSystemSynchronizedGroups = (
				F9194E932CD343B9006432F0 /* TracklistEntry */,
			);
			name = TracklistEntryExtension;
			packageProductDependencies = (
				F9194EC22CD346E8006432F0 /* FirebaseAnalytics */,
				F9194EC42CD346E8006432F0 /* FirebaseAuth */,
				F9194EC62CD346E8006432F0 /* FirebaseCore */,
				F9194EC82CD346E8006432F0 /* FirebaseCrashlytics */,
				F9194ECA2CD346E8006432F0 /* FirebaseFirestore */,
			);
			productName = TracklistEntryExtension;
			productReference = F9194E8D2CD343B9006432F0 /* TracklistEntryExtension.appex */;
			productType = "com.apple.product-type.app-extension";
		};
		F9BAD8AB2CBC3FB5006F6095 /* SleepMusic */ = {
			isa = PBXNativeTarget;
			buildConfigurationList = F9BAD8BA2CBC3FB6006F6095 /* Build configuration list for PBXNativeTarget "SleepMusic" */;
			buildPhases = (
				F9BAD8A82CBC3FB5006F6095 /* Sources */,
				F9BAD8A92CBC3FB5006F6095 /* Frameworks */,
				F9BAD8AA2CBC3FB5006F6095 /* Resources */,
				F9194EA42CD343BA006432F0 /* Embed Foundation Extensions */,
			);
			buildRules = (
			);
			dependencies = (
				F9194EA22CD343BA006432F0 /* PBXTargetDependency */,
			);
			fileSystemSynchronizedGroups = (
				F9BAD8AE2CBC3FB5006F6095 /* SleepMusic */,
			);
			name = SleepMusic;
			packageProductDependencies = (
				F9DF81782CBE540E00BBEE95 /* FirebaseAnalytics */,
				F9DF817A2CBE540E00BBEE95 /* FirebaseAuth */,
				F9DF817C2CBE540E00BBEE95 /* FirebaseCore */,
				F9DF817E2CBE540E00BBEE95 /* FirebaseCrashlytics */,
				F9DF81802CBE540E00BBEE95 /* FirebaseFirestore */,
				F9DF81822CBE540E00BBEE95 /* FirebaseStorage */,
				F9DEB58A2CBFA87B00BA2A50 /* Kingfisher */,
				F92D82842CC0AE4A002157EA /* SDWebImageSwiftUI */,
				F9F712B72CC17787008A6260 /* FirebaseRemoteConfig */,
				F951FD472CCA46910011709D /* Lottie */,
			);
			productName = SleepMusic;
			productReference = F9BAD8AC2CBC3FB5006F6095 /* SleepMusic.app */;
			productType = "com.apple.product-type.application";
		};
/* End PBXNativeTarget section */

/* Begin PBXProject section */
		F9BAD8A42CBC3FB5006F6095 /* Project object */ = {
			isa = PBXProject;
			attributes = {
				BuildIndependentTargetsInParallel = 1;
				LastSwiftUpdateCheck = 1600;
				LastUpgradeCheck = 1600;
				TargetAttributes = {
					F9194E8C2CD343B9006432F0 = {
						CreatedOnToolsVersion = 16.0;
					};
					F9BAD8AB2CBC3FB5006F6095 = {
						CreatedOnToolsVersion = 16.0;
					};
				};
			};
			buildConfigurationList = F9BAD8A72CBC3FB5006F6095 /* Build configuration list for PBXProject "SleepMusic" */;
			developmentRegion = en;
			hasScannedForEncodings = 0;
			knownRegions = (
				en,
				Base,
			);
			mainGroup = F9BAD8A32CBC3FB5006F6095;
			minimizedProjectReferenceProxies = 1;
			packageReferences = (
				F9DF81772CBE540E00BBEE95 /* XCRemoteSwiftPackageReference "firebase-ios-sdk" */,
				F9DEB5892CBFA87B00BA2A50 /* XCRemoteSwiftPackageReference "Kingfisher" */,
				F92D82832CC0AE4A002157EA /* XCRemoteSwiftPackageReference "SDWebImageSwiftUI" */,
				F951FD462CCA46910011709D /* XCRemoteSwiftPackageReference "lottie-ios" */,
			);
			preferredProjectObjectVersion = 77;
			productRefGroup = F9BAD8AD2CBC3FB5006F6095 /* Products */;
			projectDirPath = "";
			projectRoot = "";
			targets = (
				F9BAD8AB2CBC3FB5006F6095 /* SleepMusic */,
				F9194E8C2CD343B9006432F0 /* TracklistEntryExtension */,
			);
		};
/* End PBXProject section */

/* Begin PBXResourcesBuildPhase section */
		F9194E8B2CD343B9006432F0 /* Resources */ = {
			isa = PBXResourcesBuildPhase;
			buildActionMask = 2147483647;
			files = (
			);
			runOnlyForDeploymentPostprocessing = 0;
		};
		F9BAD8AA2CBC3FB5006F6095 /* Resources */ = {
			isa = PBXResourcesBuildPhase;
			buildActionMask = 2147483647;
			files = (
			);
			runOnlyForDeploymentPostprocessing = 0;
		};
/* End PBXResourcesBuildPhase section */

/* Begin PBXSourcesBuildPhase section */
		F9194E892CD343B9006432F0 /* Sources */ = {
			isa = PBXSourcesBuildPhase;
			buildActionMask = 2147483647;
			files = (
			);
			runOnlyForDeploymentPostprocessing = 0;
		};
		F9BAD8A82CBC3FB5006F6095 /* Sources */ = {
			isa = PBXSourcesBuildPhase;
			buildActionMask = 2147483647;
			files = (
			);
			runOnlyForDeploymentPostprocessing = 0;
		};
/* End PBXSourcesBuildPhase section */

/* Begin PBXTargetDependency section */
		F9194EA22CD343BA006432F0 /* PBXTargetDependency */ = {
			isa = PBXTargetDependency;
			target = F9194E8C2CD343B9006432F0 /* TracklistEntryExtension */;
			targetProxy = F9194EA12CD343BA006432F0 /* PBXContainerItemProxy */;
		};
/* End PBXTargetDependency section */

/* Begin XCBuildConfiguration section */
		F9194EA52CD343BA006432F0 /* Debug */ = {
			isa = XCBuildConfiguration;
			buildSettings = {
				ASSETCATALOG_COMPILER_GLOBAL_ACCENT_COLOR_NAME = AccentColor;
				ASSETCATALOG_COMPILER_WIDGET_BACKGROUND_COLOR_NAME = WidgetBackground;
				CODE_SIGN_ENTITLEMENTS = TracklistEntryExtension.entitlements;
				CODE_SIGN_STYLE = Automatic;
				CURRENT_PROJECT_VERSION = 1;
				DEVELOPMENT_TEAM = 58JMRW9E5N;
				GENERATE_INFOPLIST_FILE = YES;
				INFOPLIST_FILE = TracklistEntry/Info.plist;
				INFOPLIST_KEY_CFBundleDisplayName = TracklistEntry;
				INFOPLIST_KEY_NSHumanReadableCopyright = "";
				LD_RUNPATH_SEARCH_PATHS = (
					"$(inherited)",
					"@executable_path/Frameworks",
					"@executable_path/../../Frameworks",
				);
				MARKETING_VERSION = 1.2;
				PRODUCT_BUNDLE_IDENTIFIER = vn.cyme.SleepMusic.TracklistEntry;
				PRODUCT_NAME = "$(TARGET_NAME)";
				SKIP_INSTALL = YES;
				SWIFT_EMIT_LOC_STRINGS = YES;
				SWIFT_VERSION = 5.0;
				TARGETED_DEVICE_FAMILY = "1,2";
			};
			name = Debug;
		};
		F9194EA62CD343BA006432F0 /* Release */ = {
			isa = XCBuildConfiguration;
			buildSettings = {
				ASSETCATALOG_COMPILER_GLOBAL_ACCENT_COLOR_NAME = AccentColor;
				ASSETCATALOG_COMPILER_WIDGET_BACKGROUND_COLOR_NAME = WidgetBackground;
				CODE_SIGN_ENTITLEMENTS = TracklistEntryExtension.entitlements;
				CODE_SIGN_STYLE = Automatic;
				CURRENT_PROJECT_VERSION = 1;
				DEVELOPMENT_TEAM = 58JMRW9E5N;
				GENERATE_INFOPLIST_FILE = YES;
				INFOPLIST_FILE = TracklistEntry/Info.plist;
				INFOPLIST_KEY_CFBundleDisplayName = TracklistEntry;
				INFOPLIST_KEY_NSHumanReadableCopyright = "";
				LD_RUNPATH_SEARCH_PATHS = (
					"$(inherited)",
					"@executable_path/Frameworks",
					"@executable_path/../../Frameworks",
				);
				MARKETING_VERSION = 1.2;
				PRODUCT_BUNDLE_IDENTIFIER = vn.cyme.SleepMusic.TracklistEntry;
				PRODUCT_NAME = "$(TARGET_NAME)";
				SKIP_INSTALL = YES;
				SWIFT_EMIT_LOC_STRINGS = YES;
				SWIFT_VERSION = 5.0;
				TARGETED_DEVICE_FAMILY = "1,2";
			};
			name = Release;
		};
		F9BAD8B82CBC3FB6006F6095 /* Debug */ = {
			isa = XCBuildConfiguration;
			buildSettings = {
				ALWAYS_SEARCH_USER_PATHS = NO;
				ASSETCATALOG_COMPILER_GENERATE_SWIFT_ASSET_SYMBOL_EXTENSIONS = YES;
				CLANG_ANALYZER_NONNULL = YES;
				CLANG_ANALYZER_NUMBER_OBJECT_CONVERSION = YES_AGGRESSIVE;
				CLANG_CXX_LANGUAGE_STANDARD = "gnu++20";
				CLANG_ENABLE_MODULES = YES;
				CLANG_ENABLE_OBJC_ARC = YES;
				CLANG_ENABLE_OBJC_WEAK = YES;
				CLANG_WARN_BLOCK_CAPTURE_AUTORELEASING = YES;
				CLANG_WARN_BOOL_CONVERSION = YES;
				CLANG_WARN_COMMA = YES;
				CLANG_WARN_CONSTANT_CONVERSION = YES;
				CLANG_WARN_DEPRECATED_OBJC_IMPLEMENTATIONS = YES;
				CLANG_WARN_DIRECT_OBJC_ISA_USAGE = YES_ERROR;
				CLANG_WARN_DOCUMENTATION_COMMENTS = YES;
				CLANG_WARN_EMPTY_BODY = YES;
				CLANG_WARN_ENUM_CONVERSION = YES;
				CLANG_WARN_INFINITE_RECURSION = YES;
				CLANG_WARN_INT_CONVERSION = YES;
				CLANG_WARN_NON_LITERAL_NULL_CONVERSION = YES;
				CLANG_WARN_OBJC_IMPLICIT_RETAIN_SELF = YES;
				CLANG_WARN_OBJC_LITERAL_CONVERSION = YES;
				CLANG_WARN_OBJC_ROOT_CLASS = YES_ERROR;
				CLANG_WARN_QUOTED_INCLUDE_IN_FRAMEWORK_HEADER = YES;
				CLANG_WARN_RANGE_LOOP_ANALYSIS = YES;
				CLANG_WARN_STRICT_PROTOTYPES = YES;
				CLANG_WARN_SUSPICIOUS_MOVE = YES;
				CLANG_WARN_UNGUARDED_AVAILABILITY = YES_AGGRESSIVE;
				CLANG_WARN_UNREACHABLE_CODE = YES;
				CLANG_WARN__DUPLICATE_METHOD_MATCH = YES;
				COPY_PHASE_STRIP = NO;
				DEBUG_INFORMATION_FORMAT = dwarf;
				ENABLE_STRICT_OBJC_MSGSEND = YES;
				ENABLE_TESTABILITY = YES;
				ENABLE_USER_SCRIPT_SANDBOXING = YES;
				GCC_C_LANGUAGE_STANDARD = gnu17;
				GCC_DYNAMIC_NO_PIC = NO;
				GCC_NO_COMMON_BLOCKS = YES;
				GCC_OPTIMIZATION_LEVEL = 0;
				GCC_PREPROCESSOR_DEFINITIONS = (
					"DEBUG=1",
					"$(inherited)",
				);
				GCC_WARN_64_TO_32_BIT_CONVERSION = YES;
				GCC_WARN_ABOUT_RETURN_TYPE = YES_ERROR;
				GCC_WARN_UNDECLARED_SELECTOR = YES;
				GCC_WARN_UNINITIALIZED_AUTOS = YES_AGGRESSIVE;
				GCC_WARN_UNUSED_FUNCTION = YES;
				GCC_WARN_UNUSED_VARIABLE = YES;
				IPHONEOS_DEPLOYMENT_TARGET = 18.0;
				LOCALIZATION_PREFERS_STRING_CATALOGS = YES;
				MTL_ENABLE_DEBUG_INFO = INCLUDE_SOURCE;
				MTL_FAST_MATH = YES;
				ONLY_ACTIVE_ARCH = YES;
				SDKROOT = iphoneos;
				SWIFT_ACTIVE_COMPILATION_CONDITIONS = "DEBUG $(inherited)";
				SWIFT_OPTIMIZATION_LEVEL = "-Onone";
			};
			name = Debug;
		};
		F9BAD8B92CBC3FB6006F6095 /* Release */ = {
			isa = XCBuildConfiguration;
			buildSettings = {
				ALWAYS_SEARCH_USER_PATHS = NO;
				ASSETCATALOG_COMPILER_GENERATE_SWIFT_ASSET_SYMBOL_EXTENSIONS = YES;
				CLANG_ANALYZER_NONNULL = YES;
				CLANG_ANALYZER_NUMBER_OBJECT_CONVERSION = YES_AGGRESSIVE;
				CLANG_CXX_LANGUAGE_STANDARD = "gnu++20";
				CLANG_ENABLE_MODULES = YES;
				CLANG_ENABLE_OBJC_ARC = YES;
				CLANG_ENABLE_OBJC_WEAK = YES;
				CLANG_WARN_BLOCK_CAPTURE_AUTORELEASING = YES;
				CLANG_WARN_BOOL_CONVERSION = YES;
				CLANG_WARN_COMMA = YES;
				CLANG_WARN_CONSTANT_CONVERSION = YES;
				CLANG_WARN_DEPRECATED_OBJC_IMPLEMENTATIONS = YES;
				CLANG_WARN_DIRECT_OBJC_ISA_USAGE = YES_ERROR;
				CLANG_WARN_DOCUMENTATION_COMMENTS = YES;
				CLANG_WARN_EMPTY_BODY = YES;
				CLANG_WARN_ENUM_CONVERSION = YES;
				CLANG_WARN_INFINITE_RECURSION = YES;
				CLANG_WARN_INT_CONVERSION = YES;
				CLANG_WARN_NON_LITERAL_NULL_CONVERSION = YES;
				CLANG_WARN_OBJC_IMPLICIT_RETAIN_SELF = YES;
				CLANG_WARN_OBJC_LITERAL_CONVERSION = YES;
				CLANG_WARN_OBJC_ROOT_CLASS = YES_ERROR;
				CLANG_WARN_QUOTED_INCLUDE_IN_FRAMEWORK_HEADER = YES;
				CLANG_WARN_RANGE_LOOP_ANALYSIS = YES;
				CLANG_WARN_STRICT_PROTOTYPES = YES;
				CLANG_WARN_SUSPICIOUS_MOVE = YES;
				CLANG_WARN_UNGUARDED_AVAILABILITY = YES_AGGRESSIVE;
				CLANG_WARN_UNREACHABLE_CODE = YES;
				CLANG_WARN__DUPLICATE_METHOD_MATCH = YES;
				COPY_PHASE_STRIP = NO;
				DEBUG_INFORMATION_FORMAT = "dwarf-with-dsym";
				ENABLE_NS_ASSERTIONS = NO;
				ENABLE_STRICT_OBJC_MSGSEND = YES;
				ENABLE_USER_SCRIPT_SANDBOXING = YES;
				GCC_C_LANGUAGE_STANDARD = gnu17;
				GCC_NO_COMMON_BLOCKS = YES;
				GCC_WARN_64_TO_32_BIT_CONVERSION = YES;
				GCC_WARN_ABOUT_RETURN_TYPE = YES_ERROR;
				GCC_WARN_UNDECLARED_SELECTOR = YES;
				GCC_WARN_UNINITIALIZED_AUTOS = YES_AGGRESSIVE;
				GCC_WARN_UNUSED_FUNCTION = YES;
				GCC_WARN_UNUSED_VARIABLE = YES;
				IPHONEOS_DEPLOYMENT_TARGET = 18.0;
				LOCALIZATION_PREFERS_STRING_CATALOGS = YES;
				MTL_ENABLE_DEBUG_INFO = NO;
				MTL_FAST_MATH = YES;
				SDKROOT = iphoneos;
				SWIFT_COMPILATION_MODE = wholemodule;
				VALIDATE_PRODUCT = YES;
			};
			name = Release;
		};
		F9BAD8BB2CBC3FB6006F6095 /* Debug */ = {
			isa = XCBuildConfiguration;
			buildSettings = {
				ASSETCATALOG_COMPILER_APPICON_NAME = AppIcon;
				ASSETCATALOG_COMPILER_GLOBAL_ACCENT_COLOR_NAME = AccentColor;
				CODE_SIGN_ENTITLEMENTS = SleepMusic/SleepMusic.entitlements;
				CODE_SIGN_STYLE = Automatic;
				CURRENT_PROJECT_VERSION = 1;
				DEVELOPMENT_ASSET_PATHS = "\"SleepMusic/Preview Content\"";
				DEVELOPMENT_TEAM = 58JMRW9E5N;
				ENABLE_PREVIEWS = YES;
				GENERATE_INFOPLIST_FILE = YES;
				INFOPLIST_FILE = SleepMusic/Info.plist;
				INFOPLIST_KEY_CFBundleDisplayName = SleepLoom;
				INFOPLIST_KEY_LSApplicationCategoryType = "public.app-category.entertainment";
				INFOPLIST_KEY_UIApplicationSceneManifest_Generation = YES;
				INFOPLIST_KEY_UIApplicationSupportsIndirectInputEvents = YES;
				INFOPLIST_KEY_UILaunchScreen_Generation = YES;
				INFOPLIST_KEY_UISupportedInterfaceOrientations = UIInterfaceOrientationPortrait;
				INFOPLIST_KEY_UISupportedInterfaceOrientations_iPad = "UIInterfaceOrientationLandscapeLeft UIInterfaceOrientationLandscapeRight UIInterfaceOrientationPortrait UIInterfaceOrientationPortraitUpsideDown";
				INFOPLIST_KEY_UIUserInterfaceStyle = Light;
				IPHONEOS_DEPLOYMENT_TARGET = 16.6;
				LD_RUNPATH_SEARCH_PATHS = (
					"$(inherited)",
					"@executable_path/Frameworks",
				);
				MARKETING_VERSION = 1.3;
				PRODUCT_BUNDLE_IDENTIFIER = vn.cyme.SleepMusic;
				PRODUCT_NAME = "$(TARGET_NAME)";
				SWIFT_EMIT_LOC_STRINGS = YES;
				SWIFT_VERSION = 5.0;
				TARGETED_DEVICE_FAMILY = "1,2";
			};
			name = Debug;
		};
		F9BAD8BC2CBC3FB6006F6095 /* Release */ = {
			isa = XCBuildConfiguration;
			buildSettings = {
				ASSETCATALOG_COMPILER_APPICON_NAME = AppIcon;
				ASSETCATALOG_COMPILER_GLOBAL_ACCENT_COLOR_NAME = AccentColor;
				CODE_SIGN_ENTITLEMENTS = SleepMusic/SleepMusic.entitlements;
				CODE_SIGN_STYLE = Automatic;
				CURRENT_PROJECT_VERSION = 1;
				DEVELOPMENT_ASSET_PATHS = "\"SleepMusic/Preview Content\"";
				DEVELOPMENT_TEAM = 58JMRW9E5N;
				ENABLE_PREVIEWS = YES;
				GENERATE_INFOPLIST_FILE = YES;
				INFOPLIST_FILE = SleepMusic/Info.plist;
				INFOPLIST_KEY_CFBundleDisplayName = SleepLoom;
				INFOPLIST_KEY_LSApplicationCategoryType = "public.app-category.entertainment";
				INFOPLIST_KEY_UIApplicationSceneManifest_Generation = YES;
				INFOPLIST_KEY_UIApplicationSupportsIndirectInputEvents = YES;
				INFOPLIST_KEY_UILaunchScreen_Generation = YES;
				INFOPLIST_KEY_UISupportedInterfaceOrientations = UIInterfaceOrientationPortrait;
				INFOPLIST_KEY_UISupportedInterfaceOrientations_iPad = "UIInterfaceOrientationLandscapeLeft UIInterfaceOrientationLandscapeRight UIInterfaceOrientationPortrait UIInterfaceOrientationPortraitUpsideDown";
				INFOPLIST_KEY_UIUserInterfaceStyle = Light;
				IPHONEOS_DEPLOYMENT_TARGET = 16.6;
				LD_RUNPATH_SEARCH_PATHS = (
					"$(inherited)",
					"@executable_path/Frameworks",
				);
				MARKETING_VERSION = 1.3;
				PRODUCT_BUNDLE_IDENTIFIER = vn.cyme.SleepMusic;
				PRODUCT_NAME = "$(TARGET_NAME)";
				SWIFT_EMIT_LOC_STRINGS = YES;
				SWIFT_VERSION = 5.0;
				TARGETED_DEVICE_FAMILY = "1,2";
			};
			name = Release;
		};
/* End XCBuildConfiguration section */

/* Begin XCConfigurationList section */
		F9194EA72CD343BA006432F0 /* Build configuration list for PBXNativeTarget "TracklistEntryExtension" */ = {
			isa = XCConfigurationList;
			buildConfigurations = (
				F9194EA52CD343BA006432F0 /* Debug */,
				F9194EA62CD343BA006432F0 /* Release */,
			);
			defaultConfigurationIsVisible = 0;
			defaultConfigurationName = Release;
		};
		F9BAD8A72CBC3FB5006F6095 /* Build configuration list for PBXProject "SleepMusic" */ = {
			isa = XCConfigurationList;
			buildConfigurations = (
				F9BAD8B82CBC3FB6006F6095 /* Debug */,
				F9BAD8B92CBC3FB6006F6095 /* Release */,
			);
			defaultConfigurationIsVisible = 0;
			defaultConfigurationName = Release;
		};
		F9BAD8BA2CBC3FB6006F6095 /* Build configuration list for PBXNativeTarget "SleepMusic" */ = {
			isa = XCConfigurationList;
			buildConfigurations = (
				F9BAD8BB2CBC3FB6006F6095 /* Debug */,
				F9BAD8BC2CBC3FB6006F6095 /* Release */,
			);
			defaultConfigurationIsVisible = 0;
			defaultConfigurationName = Release;
		};
/* End XCConfigurationList section */

/* Begin XCRemoteSwiftPackageReference section */
		F92D82832CC0AE4A002157EA /* XCRemoteSwiftPackageReference "SDWebImageSwiftUI" */ = {
			isa = XCRemoteSwiftPackageReference;
			repositoryURL = "https://github.com/SDWebImage/SDWebImageSwiftUI";
			requirement = {
				kind = upToNextMajorVersion;
				minimumVersion = 3.1.2;
			};
		};
		F951FD462CCA46910011709D /* XCRemoteSwiftPackageReference "lottie-ios" */ = {
			isa = XCRemoteSwiftPackageReference;
			repositoryURL = "https://github.com/airbnb/lottie-ios";
			requirement = {
				kind = upToNextMajorVersion;
				minimumVersion = 4.5.0;
			};
		};
		F9DEB5892CBFA87B00BA2A50 /* XCRemoteSwiftPackageReference "Kingfisher" */ = {
			isa = XCRemoteSwiftPackageReference;
			repositoryURL = "https://github.com/onevcat/Kingfisher";
			requirement = {
				kind = upToNextMajorVersion;
				minimumVersion = 8.1.0;
			};
		};
		F9DF81772CBE540E00BBEE95 /* XCRemoteSwiftPackageReference "firebase-ios-sdk" */ = {
			isa = XCRemoteSwiftPackageReference;
			repositoryURL = "https://github.com/firebase/firebase-ios-sdk";
			requirement = {
				kind = upToNextMajorVersion;
				minimumVersion = 11.3.0;
			};
		};
/* End XCRemoteSwiftPackageReference section */

/* Begin XCSwiftPackageProductDependency section */
		F9194EC22CD346E8006432F0 /* FirebaseAnalytics */ = {
			isa = XCSwiftPackageProductDependency;
			package = F9DF81772CBE540E00BBEE95 /* XCRemoteSwiftPackageReference "firebase-ios-sdk" */;
			productName = FirebaseAnalytics;
		};
		F9194EC42CD346E8006432F0 /* FirebaseAuth */ = {
			isa = XCSwiftPackageProductDependency;
			package = F9DF81772CBE540E00BBEE95 /* XCRemoteSwiftPackageReference "firebase-ios-sdk" */;
			productName = FirebaseAuth;
		};
		F9194EC62CD346E8006432F0 /* FirebaseCore */ = {
			isa = XCSwiftPackageProductDependency;
			package = F9DF81772CBE540E00BBEE95 /* XCRemoteSwiftPackageReference "firebase-ios-sdk" */;
			productName = FirebaseCore;
		};
		F9194EC82CD346E8006432F0 /* FirebaseCrashlytics */ = {
			isa = XCSwiftPackageProductDependency;
			package = F9DF81772CBE540E00BBEE95 /* XCRemoteSwiftPackageReference "firebase-ios-sdk" */;
			productName = FirebaseCrashlytics;
		};
		F9194ECA2CD346E8006432F0 /* FirebaseFirestore */ = {
			isa = XCSwiftPackageProductDependency;
			package = F9DF81772CBE540E00BBEE95 /* XCRemoteSwiftPackageReference "firebase-ios-sdk" */;
			productName = FirebaseFirestore;
		};
		F92D82842CC0AE4A002157EA /* SDWebImageSwiftUI */ = {
			isa = XCSwiftPackageProductDependency;
			package = F92D82832CC0AE4A002157EA /* XCRemoteSwiftPackageReference "SDWebImageSwiftUI" */;
			productName = SDWebImageSwiftUI;
		};
		F951FD472CCA46910011709D /* Lottie */ = {
			isa = XCSwiftPackageProductDependency;
			package = F951FD462CCA46910011709D /* XCRemoteSwiftPackageReference "lottie-ios" */;
			productName = Lottie;
		};
		F9DEB58A2CBFA87B00BA2A50 /* Kingfisher */ = {
			isa = XCSwiftPackageProductDependency;
			package = F9DEB5892CBFA87B00BA2A50 /* XCRemoteSwiftPackageReference "Kingfisher" */;
			productName = Kingfisher;
		};
		F9DF81782CBE540E00BBEE95 /* FirebaseAnalytics */ = {
			isa = XCSwiftPackageProductDependency;
			package = F9DF81772CBE540E00BBEE95 /* XCRemoteSwiftPackageReference "firebase-ios-sdk" */;
			productName = FirebaseAnalytics;
		};
		F9DF817A2CBE540E00BBEE95 /* FirebaseAuth */ = {
			isa = XCSwiftPackageProductDependency;
			package = F9DF81772CBE540E00BBEE95 /* XCRemoteSwiftPackageReference "firebase-ios-sdk" */;
			productName = FirebaseAuth;
		};
		F9DF817C2CBE540E00BBEE95 /* FirebaseCore */ = {
			isa = XCSwiftPackageProductDependency;
			package = F9DF81772CBE540E00BBEE95 /* XCRemoteSwiftPackageReference "firebase-ios-sdk" */;
			productName = FirebaseCore;
		};
		F9DF817E2CBE540E00BBEE95 /* FirebaseCrashlytics */ = {
			isa = XCSwiftPackageProductDependency;
			package = F9DF81772CBE540E00BBEE95 /* XCRemoteSwiftPackageReference "firebase-ios-sdk" */;
			productName = FirebaseCrashlytics;
		};
		F9DF81802CBE540E00BBEE95 /* FirebaseFirestore */ = {
			isa = XCSwiftPackageProductDependency;
			package = F9DF81772CBE540E00BBEE95 /* XCRemoteSwiftPackageReference "firebase-ios-sdk" */;
			productName = FirebaseFirestore;
		};
		F9DF81822CBE540E00BBEE95 /* FirebaseStorage */ = {
			isa = XCSwiftPackageProductDependency;
			package = F9DF81772CBE540E00BBEE95 /* XCRemoteSwiftPackageReference "firebase-ios-sdk" */;
			productName = FirebaseStorage;
		};
		F9F712B72CC17787008A6260 /* FirebaseRemoteConfig */ = {
			isa = XCSwiftPackageProductDependency;
			package = F9DF81772CBE540E00BBEE95 /* XCRemoteSwiftPackageReference "firebase-ios-sdk" */;
			productName = FirebaseRemoteConfig;
		};
/* End XCSwiftPackageProductDependency section */
	};
	rootObject = F9BAD8A42CBC3FB5006F6095 /* Project object */;
}
